{
  "name": "node-export-server",
  "version": "0.0.1",
  "lockfileVersion": 1,
  "requires": true,
  "dependencies": {
    "archiver": {
      "version": "0.14.4",
      "resolved": "https://registry.npmjs.org/archiver/-/archiver-0.14.4.tgz",
      "integrity": "sha1-W53bn17hzu8hy487Ag5iQOy0MVw=",
      "requires": {
        "async": "0.9.2",
        "buffer-crc32": "0.2.13",
        "glob": "4.3.5",
        "lazystream": "0.1.0",
        "lodash": "3.2.0",
        "readable-stream": "1.0.34",
        "tar-stream": "1.1.5",
        "zip-stream": "0.5.2"
      },
      "dependencies": {
        "async": {
          "version": "0.9.2",
          "resolved": "https://registry.npmjs.org/async/-/async-0.9.2.tgz",
          "integrity": "sha1-rqdNXmHB+JlhO/ZL2mbUx48v0X0="
        },
        "buffer-crc32": {
          "version": "0.2.13",
          "resolved": "https://registry.npmjs.org/buffer-crc32/-/buffer-crc32-0.2.13.tgz",
          "integrity": "sha1-DTM+PwDqxQqhRUq9MO+MKl2ackI="
        },
        "glob": {
          "version": "4.3.5",
          "resolved": "https://registry.npmjs.org/glob/-/glob-4.3.5.tgz",
          "integrity": "sha1-gPuwjKVA8jiszl0R0em8QedRc9M=",
          "requires": {
            "inflight": "1.0.6",
            "inherits": "2.0.3",
            "minimatch": "2.0.10",
            "once": "1.4.0"
          },
          "dependencies": {
            "inflight": {
              "version": "1.0.6",
              "resolved": "https://registry.npmjs.org/inflight/-/inflight-1.0.6.tgz",
              "integrity": "sha1-Sb1jMdfQLQwJvJEKEHW6gWW1bfk=",
              "requires": {
                "once": "1.4.0",
                "wrappy": "1.0.2"
              },
              "dependencies": {
                "wrappy": {
                  "version": "1.0.2",
                  "resolved": "https://registry.npmjs.org/wrappy/-/wrappy-1.0.2.tgz",
                  "integrity": "sha1-tSQ9jz7BqjXxNkYFvA0QNuMKtp8="
                }
              }
            },
            "inherits": {
              "version": "2.0.3",
              "resolved": "https://registry.npmjs.org/inherits/-/inherits-2.0.3.tgz",
              "integrity": "sha1-Yzwsg+PaQqUC9SRmAiSA9CCCYd4="
            },
            "minimatch": {
              "version": "2.0.10",
              "resolved": "https://registry.npmjs.org/minimatch/-/minimatch-2.0.10.tgz",
              "integrity": "sha1-jQh8OcazjAAbl/ynzm0OHoCvusc=",
              "requires": {
                "brace-expansion": "1.1.8"
              },
              "dependencies": {
                "brace-expansion": {
                  "version": "1.1.8",
                  "resolved": "https://registry.npmjs.org/brace-expansion/-/brace-expansion-1.1.8.tgz",
                  "integrity": "sha1-wHshHHyVLsH479Uad+8NHTmQopI=",
                  "requires": {
                    "balanced-match": "1.0.0",
                    "concat-map": "0.0.1"
                  },
                  "dependencies": {
                    "balanced-match": {
                      "version": "1.0.0",
                      "resolved": "https://registry.npmjs.org/balanced-match/-/balanced-match-1.0.0.tgz",
                      "integrity": "sha1-ibTRmasr7kneFk6gK4nORi1xt2c="
                    },
                    "concat-map": {
                      "version": "0.0.1",
                      "resolved": "https://registry.npmjs.org/concat-map/-/concat-map-0.0.1.tgz",
                      "integrity": "sha1-2Klr13/Wjfd5OnMDajug1UBdR3s="
                    }
                  }
                }
              }
            },
            "once": {
              "version": "1.4.0",
              "resolved": "https://registry.npmjs.org/once/-/once-1.4.0.tgz",
              "integrity": "sha1-WDsap3WWHUsROsF9nFC6753Xa9E=",
              "requires": {
                "wrappy": "1.0.2"
              },
              "dependencies": {
                "wrappy": {
                  "version": "1.0.2",
                  "resolved": "https://registry.npmjs.org/wrappy/-/wrappy-1.0.2.tgz",
                  "integrity": "sha1-tSQ9jz7BqjXxNkYFvA0QNuMKtp8="
                }
              }
            }
          }
        },
        "lazystream": {
          "version": "0.1.0",
          "resolved": "https://registry.npmjs.org/lazystream/-/lazystream-0.1.0.tgz",
          "integrity": "sha1-GyXWPHcqTCDwpe0KnXf0hLbhaSA=",
          "requires": {
            "readable-stream": "1.0.34"
          }
        },
        "lodash": {
          "version": "3.2.0",
          "resolved": "https://registry.npmjs.org/lodash/-/lodash-3.2.0.tgz",
          "integrity": "sha1-S/UKMkP5rrC6xBpV09WZBnWkYvs="
        },
        "readable-stream": {
          "version": "1.0.34",
          "resolved": "https://registry.npmjs.org/readable-stream/-/readable-stream-1.0.34.tgz",
          "integrity": "sha1-Elgg40vIQtLyqq+v5MKRbuMsFXw=",
          "requires": {
            "core-util-is": "1.0.2",
            "inherits": "2.0.3",
            "isarray": "0.0.1",
            "string_decoder": "0.10.31"
          },
          "dependencies": {
            "core-util-is": {
              "version": "1.0.2",
              "resolved": "https://registry.npmjs.org/core-util-is/-/core-util-is-1.0.2.tgz",
              "integrity": "sha1-tf1UIgqivFq1eqtxQMlAdUUDwac="
            },
            "inherits": {
              "version": "2.0.3",
              "resolved": "https://registry.npmjs.org/inherits/-/inherits-2.0.3.tgz",
              "integrity": "sha1-Yzwsg+PaQqUC9SRmAiSA9CCCYd4="
            },
            "isarray": {
              "version": "0.0.1",
              "resolved": "https://registry.npmjs.org/isarray/-/isarray-0.0.1.tgz",
              "integrity": "sha1-ihis/Kmo9Bd+Cav8YDiTmwXR7t8="
            },
            "string_decoder": {
              "version": "0.10.31",
              "resolved": "https://registry.npmjs.org/string_decoder/-/string_decoder-0.10.31.tgz",
              "integrity": "sha1-YuIDvEF2bGwoyfyEMB2rHFMQ+pQ="
            }
          }
        },
        "tar-stream": {
          "version": "1.1.5",
          "resolved": "https://registry.npmjs.org/tar-stream/-/tar-stream-1.1.5.tgz",
          "integrity": "sha1-vpIYwTDCACnhB7D5Z/sj3gV50Tw=",
          "requires": {
            "bl": "0.9.5",
            "end-of-stream": "1.4.0",
            "readable-stream": "1.0.34",
            "xtend": "4.0.1"
          },
          "dependencies": {
            "bl": {
              "version": "0.9.5",
              "resolved": "https://registry.npmjs.org/bl/-/bl-0.9.5.tgz",
              "integrity": "sha1-wGt5evCF6gC8Unr8jvzxHeIjIFQ=",
              "requires": {
                "readable-stream": "1.0.34"
              }
            },
            "end-of-stream": {
              "version": "1.4.0",
              "resolved": "https://registry.npmjs.org/end-of-stream/-/end-of-stream-1.4.0.tgz",
              "integrity": "sha1-epDYM+/abPpurA9JSduw+tOmMgY=",
              "requires": {
                "once": "1.4.0"
              },
              "dependencies": {
                "once": {
                  "version": "1.4.0",
                  "resolved": "https://registry.npmjs.org/once/-/once-1.4.0.tgz",
                  "integrity": "sha1-WDsap3WWHUsROsF9nFC6753Xa9E=",
                  "requires": {
                    "wrappy": "1.0.2"
                  },
                  "dependencies": {
                    "wrappy": {
                      "version": "1.0.2",
                      "resolved": "https://registry.npmjs.org/wrappy/-/wrappy-1.0.2.tgz",
                      "integrity": "sha1-tSQ9jz7BqjXxNkYFvA0QNuMKtp8="
                    }
                  }
                }
              }
            },
            "xtend": {
              "version": "4.0.1",
              "resolved": "https://registry.npmjs.org/xtend/-/xtend-4.0.1.tgz",
              "integrity": "sha1-pcbVMr5lbiPbgg77lDofBJmNY68="
            }
          }
        },
        "zip-stream": {
          "version": "0.5.2",
          "resolved": "https://registry.npmjs.org/zip-stream/-/zip-stream-0.5.2.tgz",
          "integrity": "sha1-Mty8UG0Nq00hNyYlvX66rDwv/1Y=",
          "requires": {
            "compress-commons": "0.2.9",
            "lodash": "3.2.0",
            "readable-stream": "1.0.34"
          },
          "dependencies": {
            "compress-commons": {
              "version": "0.2.9",
              "resolved": "https://registry.npmjs.org/compress-commons/-/compress-commons-0.2.9.tgz",
              "integrity": "sha1-Qi2SdDDAGr0GzUVbbfwEy0z4ADw=",
              "requires": {
                "buffer-crc32": "0.2.13",
                "crc32-stream": "0.3.4",
                "node-int64": "0.3.3",
                "readable-stream": "1.0.34"
              },
              "dependencies": {
                "crc32-stream": {
                  "version": "0.3.4",
                  "resolved": "https://registry.npmjs.org/crc32-stream/-/crc32-stream-0.3.4.tgz",
                  "integrity": "sha1-c7wltF+sHbZjIjGnv86JJ+nwZVI=",
                  "requires": {
                    "buffer-crc32": "0.2.13",
                    "readable-stream": "1.0.34"
                  }
                },
                "node-int64": {
                  "version": "0.3.3",
                  "resolved": "https://registry.npmjs.org/node-int64/-/node-int64-0.3.3.tgz",
                  "integrity": "sha1-LW5rLs5d6FiLQ9iNG8QbJs0fqE0="
                }
              }
            }
          }
        }
      }
    },
    "chai": {
      "version": "3.2.0",
      "resolved": "https://registry.npmjs.org/chai/-/chai-3.2.0.tgz",
      "integrity": "sha1-qRwGrMAQV/T0tn7XeFvX/0Rmsvs=",
      "dev": true,
      "requires": {
        "assertion-error": "1.0.2",
        "deep-eql": "0.1.3",
        "type-detect": "1.0.0"
      },
      "dependencies": {
        "assertion-error": {
          "version": "1.0.2",
          "resolved": "https://registry.npmjs.org/assertion-error/-/assertion-error-1.0.2.tgz",
          "integrity": "sha1-E8pRXYYgbaC6xm6DTdOX2HWBCUw=",
          "dev": true
        },
        "deep-eql": {
          "version": "0.1.3",
          "resolved": "https://registry.npmjs.org/deep-eql/-/deep-eql-0.1.3.tgz",
          "integrity": "sha1-71WKyrjeJSBs1xOQbXTlaTDrafI=",
          "dev": true,
          "requires": {
            "type-detect": "0.1.1"
          },
          "dependencies": {
            "type-detect": {
              "version": "0.1.1",
              "resolved": "https://registry.npmjs.org/type-detect/-/type-detect-0.1.1.tgz",
              "integrity": "sha1-C6XsKohWQORw6k6FBZcZANrFiCI=",
              "dev": true
            }
          }
        },
        "type-detect": {
          "version": "1.0.0",
          "resolved": "https://registry.npmjs.org/type-detect/-/type-detect-1.0.0.tgz",
          "integrity": "sha1-diIXzAbbJY7EiQihKY6LlRIejqI=",
          "dev": true
        }
      }
    },
    "configure": {
      "version": "0.0.1",
      "resolved": "https://registry.npmjs.org/configure/-/configure-0.0.1.tgz",
      "integrity": "sha1-VM/9q+syOLZ9qrF9KTPsAcrEExc=",
      "requires": {
        "optimist": "0.6.1"
      },
      "dependencies": {
        "optimist": {
          "version": "0.6.1",
          "resolved": "https://registry.npmjs.org/optimist/-/optimist-0.6.1.tgz",
          "integrity": "sha1-2j6nRob6IaGaERwybpDrFaAZZoY=",
          "requires": {
            "minimist": "0.0.10",
            "wordwrap": "0.0.3"
          },
          "dependencies": {
            "minimist": {
              "version": "0.0.10",
              "resolved": "https://registry.npmjs.org/minimist/-/minimist-0.0.10.tgz",
              "integrity": "sha1-3j+YVD2/lggr5IrRoMfNqDYwHc8="
            },
            "wordwrap": {
              "version": "0.0.3",
              "resolved": "https://registry.npmjs.org/wordwrap/-/wordwrap-0.0.3.tgz",
              "integrity": "sha1-o9XabNXAvAAI03I0u68b7WMFkQc="
            }
          }
        }
      }
    },
    "express": {
      "version": "4.13.1",
      "resolved": "https://registry.npmjs.org/express/-/express-4.13.1.tgz",
      "integrity": "sha1-8ReqHR9r7byN5bbXH8MaWs0PY98=",
      "requires": {
        "accepts": "1.2.13",
        "array-flatten": "1.1.0",
        "content-disposition": "0.5.0",
        "content-type": "1.0.4",
        "cookie": "0.1.3",
        "cookie-signature": "1.0.6",
        "debug": "2.2.0",
        "depd": "1.0.1",
        "escape-html": "1.0.2",
        "etag": "1.7.0",
        "finalhandler": "0.4.0",
        "fresh": "0.3.0",
        "merge-descriptors": "1.0.0",
        "methods": "1.1.2",
        "on-finished": "2.3.0",
        "parseurl": "1.3.2",
        "path-to-regexp": "0.1.6",
        "proxy-addr": "1.0.10",
        "qs": "4.0.0",
        "range-parser": "1.0.3",
        "send": "0.13.0",
        "serve-static": "1.10.3",
        "type-is": "1.6.15",
        "utils-merge": "1.0.0",
        "vary": "1.0.1"
      },
      "dependencies": {
        "accepts": {
          "version": "1.2.13",
          "resolved": "https://registry.npmjs.org/accepts/-/accepts-1.2.13.tgz",
          "integrity": "sha1-5fHzkoxtlf2WVYw27D2dDeSm7Oo=",
          "requires": {
            "mime-types": "2.1.17",
            "negotiator": "0.5.3"
          },
          "dependencies": {
            "mime-types": {
              "version": "2.1.17",
              "resolved": "https://registry.npmjs.org/mime-types/-/mime-types-2.1.17.tgz",
              "integrity": "sha1-Cdejk/A+mVp5+K+Fe3Cp4KsWVXo=",
              "requires": {
                "mime-db": "1.30.0"
              },
              "dependencies": {
                "mime-db": {
                  "version": "1.30.0",
                  "resolved": "https://registry.npmjs.org/mime-db/-/mime-db-1.30.0.tgz",
                  "integrity": "sha1-dMZD2i3Z1qRTmZY0ZbJtXKfXHwE="
                }
              }
            },
            "negotiator": {
              "version": "0.5.3",
              "resolved": "https://registry.npmjs.org/negotiator/-/negotiator-0.5.3.tgz",
              "integrity": "sha1-Jp1cR2gQ7JLtvntsLygxY4T5p+g="
            }
          }
        },
        "array-flatten": {
          "version": "1.1.0",
          "resolved": "https://registry.npmjs.org/array-flatten/-/array-flatten-1.1.0.tgz",
          "integrity": "sha1-rD76xxew57vcd4zgvec4GsZgQ5M="
        },
        "content-disposition": {
          "version": "0.5.0",
          "resolved": "https://registry.npmjs.org/content-disposition/-/content-disposition-0.5.0.tgz",
          "integrity": "sha1-QoT+auBjCHRjnkToCkGMKTQTXp4="
        },
        "content-type": {
          "version": "1.0.4",
          "resolved": "https://registry.npmjs.org/content-type/-/content-type-1.0.4.tgz",
          "integrity": "sha1-4TjMdeBAxyexlm/l5fjJruJW/js="
        },
        "cookie": {
          "version": "0.1.3",
          "resolved": "https://registry.npmjs.org/cookie/-/cookie-0.1.3.tgz",
          "integrity": "sha1-5zSlwUF/zkctWu+Cw4HKu2TRpDU="
        },
        "cookie-signature": {
          "version": "1.0.6",
          "resolved": "https://registry.npmjs.org/cookie-signature/-/cookie-signature-1.0.6.tgz",
          "integrity": "sha1-4wOogrNCzD7oylE6eZmXNNqzriw="
        },
        "debug": {
          "version": "2.2.0",
          "resolved": "https://registry.npmjs.org/debug/-/debug-2.2.0.tgz",
          "integrity": "sha1-+HBX6ZWxofauaklgZkE3vFbwOdo=",
          "requires": {
            "ms": "0.7.1"
          },
          "dependencies": {
            "ms": {
              "version": "0.7.1",
              "resolved": "https://registry.npmjs.org/ms/-/ms-0.7.1.tgz",
              "integrity": "sha1-nNE8A62/8ltl7/3nzoZO6VIBcJg="
            }
          }
        },
        "depd": {
          "version": "1.0.1",
          "resolved": "https://registry.npmjs.org/depd/-/depd-1.0.1.tgz",
          "integrity": "sha1-gK7GTJ1tl+ZcwqnKqTwKpqv3Oqo="
        },
        "escape-html": {
          "version": "1.0.2",
          "resolved": "https://registry.npmjs.org/escape-html/-/escape-html-1.0.2.tgz",
          "integrity": "sha1-130y+pjjjC9BroXpJ44ODmuhAiw="
        },
        "etag": {
          "version": "1.7.0",
          "resolved": "https://registry.npmjs.org/etag/-/etag-1.7.0.tgz",
          "integrity": "sha1-A9MLX2fdbmMtKUXTDWZScxo01dg="
        },
        "finalhandler": {
          "version": "0.4.0",
          "resolved": "https://registry.npmjs.org/finalhandler/-/finalhandler-0.4.0.tgz",
          "integrity": "sha1-llpS2ejQXSuFdUhUH7ibU6JJfZs=",
          "requires": {
            "debug": "2.2.0",
            "escape-html": "1.0.2",
            "on-finished": "2.3.0",
            "unpipe": "1.0.0"
          },
          "dependencies": {
            "unpipe": {
              "version": "1.0.0",
              "resolved": "https://registry.npmjs.org/unpipe/-/unpipe-1.0.0.tgz",
              "integrity": "sha1-sr9O6FFKrmFltIF4KdIbLvSZBOw="
            }
          }
        },
        "fresh": {
          "version": "0.3.0",
          "resolved": "https://registry.npmjs.org/fresh/-/fresh-0.3.0.tgz",
          "integrity": "sha1-ZR+DjiJCTnVm3hYdg1jKoZn4PU8="
        },
        "merge-descriptors": {
          "version": "1.0.0",
          "resolved": "https://registry.npmjs.org/merge-descriptors/-/merge-descriptors-1.0.0.tgz",
          "integrity": "sha1-IWnPdTjhsMyH+4jhUC2EdLv3mGQ="
        },
        "methods": {
          "version": "1.1.2",
          "resolved": "https://registry.npmjs.org/methods/-/methods-1.1.2.tgz",
          "integrity": "sha1-VSmk1nZUE07cxSZmVoNbD4Ua/O4="
        },
        "on-finished": {
          "version": "2.3.0",
          "resolved": "https://registry.npmjs.org/on-finished/-/on-finished-2.3.0.tgz",
          "integrity": "sha1-IPEzZIGwg811M3mSoWlxqi2QaUc=",
          "requires": {
            "ee-first": "1.1.1"
          },
          "dependencies": {
            "ee-first": {
              "version": "1.1.1",
              "resolved": "https://registry.npmjs.org/ee-first/-/ee-first-1.1.1.tgz",
              "integrity": "sha1-WQxhFWsK4vTwJVcyoViyZrxWsh0="
            }
          }
        },
        "parseurl": {
          "version": "1.3.2",
          "resolved": "https://registry.npmjs.org/parseurl/-/parseurl-1.3.2.tgz",
          "integrity": "sha1-/CidTtiZMRlGDBViUyYs3I3mW/M="
        },
        "path-to-regexp": {
          "version": "0.1.6",
          "resolved": "https://registry.npmjs.org/path-to-regexp/-/path-to-regexp-0.1.6.tgz",
          "integrity": "sha1-8B/Vc0BHtr+8XyCMYTWjPXrwnDY="
        },
        "proxy-addr": {
          "version": "1.0.10",
          "resolved": "https://registry.npmjs.org/proxy-addr/-/proxy-addr-1.0.10.tgz",
          "integrity": "sha1-DUCoL4Afw1VWfS7LZe/j8HfxIcU=",
          "requires": {
            "forwarded": "0.1.2",
            "ipaddr.js": "1.0.5"
          },
          "dependencies": {
            "forwarded": {
              "version": "0.1.2",
              "resolved": "https://registry.npmjs.org/forwarded/-/forwarded-0.1.2.tgz",
              "integrity": "sha1-mMI9qxF1ZXuMBXPozszZGw/xjIQ="
            },
            "ipaddr.js": {
              "version": "1.0.5",
              "resolved": "https://registry.npmjs.org/ipaddr.js/-/ipaddr.js-1.0.5.tgz",
              "integrity": "sha1-X6eM8wG4JceKvDBC2BJyMEnqI8c="
            }
          }
        },
        "qs": {
          "version": "4.0.0",
          "resolved": "https://registry.npmjs.org/qs/-/qs-4.0.0.tgz",
          "integrity": "sha1-wx2bdOwn33XlQ6hseHKO2NRiNgc="
        },
        "range-parser": {
          "version": "1.0.3",
          "resolved": "https://registry.npmjs.org/range-parser/-/range-parser-1.0.3.tgz",
          "integrity": "sha1-aHKCNTXGkuLCoBA4Jq/YLC4P8XU="
        },
        "send": {
          "version": "0.13.0",
          "resolved": "https://registry.npmjs.org/send/-/send-0.13.0.tgz",
          "integrity": "sha1-UY+SGusFYK7H3KspkLFM9vPM5d4=",
          "requires": {
            "debug": "2.2.0",
            "depd": "1.0.1",
            "destroy": "1.0.3",
            "escape-html": "1.0.2",
            "etag": "1.7.0",
            "fresh": "0.3.0",
            "http-errors": "1.3.1",
            "mime": "1.3.4",
            "ms": "0.7.1",
            "on-finished": "2.3.0",
            "range-parser": "1.0.3",
            "statuses": "1.2.1"
          },
          "dependencies": {
            "destroy": {
              "version": "1.0.3",
              "resolved": "https://registry.npmjs.org/destroy/-/destroy-1.0.3.tgz",
              "integrity": "sha1-tDO0ck5x/YVR2YhRdIUcX8N34sk="
            },
            "http-errors": {
              "version": "1.3.1",
              "resolved": "https://registry.npmjs.org/http-errors/-/http-errors-1.3.1.tgz",
              "integrity": "sha1-GX4izevUGYWF6GlO9nhhl7ke2UI=",
              "requires": {
                "inherits": "2.0.3",
                "statuses": "1.2.1"
              },
              "dependencies": {
                "inherits": {
                  "version": "2.0.3",
                  "resolved": "https://registry.npmjs.org/inherits/-/inherits-2.0.3.tgz",
                  "integrity": "sha1-Yzwsg+PaQqUC9SRmAiSA9CCCYd4="
                }
              }
            },
            "mime": {
              "version": "1.3.4",
              "resolved": "https://registry.npmjs.org/mime/-/mime-1.3.4.tgz",
              "integrity": "sha1-EV+eO2s9rylZmDyzjxSaLUDrXVM="
            },
            "ms": {
              "version": "0.7.1",
              "resolved": "https://registry.npmjs.org/ms/-/ms-0.7.1.tgz",
              "integrity": "sha1-nNE8A62/8ltl7/3nzoZO6VIBcJg="
            },
            "statuses": {
              "version": "1.2.1",
              "resolved": "https://registry.npmjs.org/statuses/-/statuses-1.2.1.tgz",
              "integrity": "sha1-3e1FzBglbVHtQK7BQkidXGECbSg="
            }
          }
        },
        "serve-static": {
          "version": "1.10.3",
          "resolved": "https://registry.npmjs.org/serve-static/-/serve-static-1.10.3.tgz",
          "integrity": "sha1-zlpuzTEB/tXsCYJ9rCKpwpv7BTU=",
          "requires": {
            "escape-html": "1.0.3",
            "parseurl": "1.3.2",
            "send": "0.13.2"
          },
          "dependencies": {
            "escape-html": {
              "version": "1.0.3",
              "resolved": "https://registry.npmjs.org/escape-html/-/escape-html-1.0.3.tgz",
              "integrity": "sha1-Aljq5NPQwJdN4cFpGI7wBR0dGYg="
            },
            "send": {
              "version": "0.13.2",
              "resolved": "https://registry.npmjs.org/send/-/send-0.13.2.tgz",
              "integrity": "sha1-dl52B8gFVFK7pvCwUllTUJhgNt4=",
              "requires": {
                "debug": "2.2.0",
                "depd": "1.1.1",
                "destroy": "1.0.4",
                "escape-html": "1.0.3",
                "etag": "1.7.0",
                "fresh": "0.3.0",
                "http-errors": "1.3.1",
                "mime": "1.3.4",
                "ms": "0.7.1",
                "on-finished": "2.3.0",
                "range-parser": "1.0.3",
                "statuses": "1.2.1"
              },
              "dependencies": {
                "depd": {
                  "version": "1.1.1",
                  "resolved": "https://registry.npmjs.org/depd/-/depd-1.1.1.tgz",
                  "integrity": "sha1-V4O04cRZ8G+lyif5kfPQbnoxA1k="
                },
                "destroy": {
                  "version": "1.0.4",
                  "resolved": "https://registry.npmjs.org/destroy/-/destroy-1.0.4.tgz",
                  "integrity": "sha1-l4hXRCxEdJ5CBmE+N5RiBYJqvYA="
                },
                "http-errors": {
                  "version": "1.3.1",
                  "resolved": "https://registry.npmjs.org/http-errors/-/http-errors-1.3.1.tgz",
                  "integrity": "sha1-GX4izevUGYWF6GlO9nhhl7ke2UI=",
                  "requires": {
                    "inherits": "2.0.3",
                    "statuses": "1.2.1"
                  },
                  "dependencies": {
                    "inherits": {
                      "version": "2.0.3",
                      "resolved": "https://registry.npmjs.org/inherits/-/inherits-2.0.3.tgz",
                      "integrity": "sha1-Yzwsg+PaQqUC9SRmAiSA9CCCYd4="
                    }
                  }
                },
                "mime": {
                  "version": "1.3.4",
                  "resolved": "https://registry.npmjs.org/mime/-/mime-1.3.4.tgz",
                  "integrity": "sha1-EV+eO2s9rylZmDyzjxSaLUDrXVM="
                },
                "ms": {
                  "version": "0.7.1",
                  "resolved": "https://registry.npmjs.org/ms/-/ms-0.7.1.tgz",
                  "integrity": "sha1-nNE8A62/8ltl7/3nzoZO6VIBcJg="
                },
                "statuses": {
                  "version": "1.2.1",
                  "resolved": "https://registry.npmjs.org/statuses/-/statuses-1.2.1.tgz",
                  "integrity": "sha1-3e1FzBglbVHtQK7BQkidXGECbSg="
                }
              }
            }
          }
        },
        "type-is": {
          "version": "1.6.15",
          "resolved": "https://registry.npmjs.org/type-is/-/type-is-1.6.15.tgz",
          "integrity": "sha1-yrEPtJCeRByChC6v4a1kbIGARBA=",
          "requires": {
            "media-typer": "0.3.0",
            "mime-types": "2.1.17"
          },
          "dependencies": {
            "media-typer": {
              "version": "0.3.0",
              "resolved": "https://registry.npmjs.org/media-typer/-/media-typer-0.3.0.tgz",
              "integrity": "sha1-hxDXrwqmJvj/+hzgAWhUUmMlV0g="
            },
            "mime-types": {
              "version": "2.1.17",
              "resolved": "https://registry.npmjs.org/mime-types/-/mime-types-2.1.17.tgz",
              "integrity": "sha1-Cdejk/A+mVp5+K+Fe3Cp4KsWVXo=",
              "requires": {
                "mime-db": "1.30.0"
              },
              "dependencies": {
                "mime-db": {
                  "version": "1.30.0",
                  "resolved": "https://registry.npmjs.org/mime-db/-/mime-db-1.30.0.tgz",
                  "integrity": "sha1-dMZD2i3Z1qRTmZY0ZbJtXKfXHwE="
                }
              }
            }
          }
        },
        "utils-merge": {
          "version": "1.0.0",
          "resolved": "https://registry.npmjs.org/utils-merge/-/utils-merge-1.0.0.tgz",
          "integrity": "sha1-ApT7kiu5N1FTVBxPcJYjHyh8ivg="
        },
        "vary": {
          "version": "1.0.1",
          "resolved": "https://registry.npmjs.org/vary/-/vary-1.0.1.tgz",
          "integrity": "sha1-meSYFWaihhGN+yuBc1ffeZM3bRA="
        }
      }
    },
    "lodash": {
      "version": "3.10.0",
      "resolved": "https://registry.npmjs.org/lodash/-/lodash-3.10.0.tgz",
      "integrity": "sha1-k9UcZygopEFqEq9XIguoqHN+L7s="
    },
    "mocha": {
      "version": "2.2.5",
      "resolved": "https://registry.npmjs.org/mocha/-/mocha-2.2.5.tgz",
      "integrity": "sha1-07cqT+SeyUOTU/GsiT28Qw2ZMUA=",
      "dev": true,
      "requires": {
        "commander": "2.3.0",
        "debug": "2.0.0",
        "diff": "1.4.0",
        "escape-string-regexp": "1.0.2",
        "glob": "3.2.3",
        "growl": "1.8.1",
        "jade": "0.26.3",
        "mkdirp": "0.5.0",
        "supports-color": "1.2.1"
      },
      "dependencies": {
        "commander": {
          "version": "2.3.0",
          "resolved": "https://registry.npmjs.org/commander/-/commander-2.3.0.tgz",
          "integrity": "sha1-/UMOiJgy7DU7ms0d4hfBHLPu+HM=",
          "dev": true
        },
        "debug": {
          "version": "2.0.0",
          "resolved": "https://registry.npmjs.org/debug/-/debug-2.0.0.tgz",
          "integrity": "sha1-ib2d9nMrUSVrxnBTQrugLtEhMe8=",
          "dev": true,
          "requires": {
            "ms": "0.6.2"
          },
          "dependencies": {
            "ms": {
              "version": "0.6.2",
              "resolved": "https://registry.npmjs.org/ms/-/ms-0.6.2.tgz",
              "integrity": "sha1-2JwhJMb9wTU9Zai3e/GqxLGTcIw=",
              "dev": true
            }
          }
        },
        "diff": {
          "version": "1.4.0",
          "resolved": "https://registry.npmjs.org/diff/-/diff-1.4.0.tgz",
          "integrity": "sha1-fyjS657nsVqX79ic5j3P2qPMur8=",
          "dev": true
        },
        "escape-string-regexp": {
          "version": "1.0.2",
          "resolved": "https://registry.npmjs.org/escape-string-regexp/-/escape-string-regexp-1.0.2.tgz",
          "integrity": "sha1-Tbwv5nTnGUnK8/smlc5/LcHZqNE=",
          "dev": true
        },
        "glob": {
          "version": "3.2.3",
          "resolved": "https://registry.npmjs.org/glob/-/glob-3.2.3.tgz",
          "integrity": "sha1-4xPusknHr/qlxHUoaw4RW1mDlGc=",
          "dev": true,
          "requires": {
            "graceful-fs": "2.0.3",
            "inherits": "2.0.3",
            "minimatch": "0.2.14"
          },
          "dependencies": {
            "graceful-fs": {
              "version": "2.0.3",
              "resolved": "https://registry.npmjs.org/graceful-fs/-/graceful-fs-2.0.3.tgz",
              "integrity": "sha1-fNLNsiiko/Nule+mzBQt59GhNtA=",
              "dev": true
            },
            "inherits": {
              "version": "2.0.3",
              "resolved": "https://registry.npmjs.org/inherits/-/inherits-2.0.3.tgz",
              "integrity": "sha1-Yzwsg+PaQqUC9SRmAiSA9CCCYd4=",
              "dev": true
            },
            "minimatch": {
              "version": "0.2.14",
              "resolved": "https://registry.npmjs.org/minimatch/-/minimatch-0.2.14.tgz",
              "integrity": "sha1-x054BXT2PG+aCQ6Q775u9TpqdWo=",
              "dev": true,
              "requires": {
                "lru-cache": "2.7.3",
                "sigmund": "1.0.1"
              },
              "dependencies": {
                "lru-cache": {
                  "version": "2.7.3",
                  "resolved": "https://registry.npmjs.org/lru-cache/-/lru-cache-2.7.3.tgz",
                  "integrity": "sha1-bUUk6LlV+V1PW1iFHOId1y+06VI=",
                  "dev": true
                },
                "sigmund": {
                  "version": "1.0.1",
                  "resolved": "https://registry.npmjs.org/sigmund/-/sigmund-1.0.1.tgz",
                  "integrity": "sha1-P/IfGYytIXX587eBhT/ZTQ0ZtZA=",
                  "dev": true
                }
              }
            }
          }
        },
        "growl": {
          "version": "1.8.1",
          "resolved": "https://registry.npmjs.org/growl/-/growl-1.8.1.tgz",
          "integrity": "sha1-Sy3sjZB+k9szZiTc7AGDUC+MlCg=",
          "dev": true
        },
        "jade": {
          "version": "0.26.3",
          "resolved": "https://registry.npmjs.org/jade/-/jade-0.26.3.tgz",
          "integrity": "sha1-jxDXl32NefL2/4YqgbBRPMslaGw=",
          "dev": true,
          "requires": {
            "commander": "0.6.1",
            "mkdirp": "0.3.0"
          },
          "dependencies": {
            "commander": {
              "version": "0.6.1",
              "resolved": "https://registry.npmjs.org/commander/-/commander-0.6.1.tgz",
              "integrity": "sha1-+mihT2qUXVTbvlDYzbMyDp47GgY=",
              "dev": true
            },
            "mkdirp": {
              "version": "0.3.0",
              "resolved": "https://registry.npmjs.org/mkdirp/-/mkdirp-0.3.0.tgz",
              "integrity": "sha1-G79asbqCevI1dRQ0kEJkVfSB/h4=",
              "dev": true
            }
          }
        },
        "mkdirp": {
          "version": "0.5.0",
          "resolved": "https://registry.npmjs.org/mkdirp/-/mkdirp-0.5.0.tgz",
          "integrity": "sha1-HXMHam35hs2TROFecfzAWkyavxI=",
          "dev": true,
          "requires": {
            "minimist": "0.0.8"
          },
          "dependencies": {
            "minimist": {
              "version": "0.0.8",
              "resolved": "https://registry.npmjs.org/minimist/-/minimist-0.0.8.tgz",
              "integrity": "sha1-hX/Kv8M5fSYluCKCYuhqp6ARsF0=",
              "dev": true
            }
          }
        },
        "supports-color": {
          "version": "1.2.1",
          "resolved": "https://registry.npmjs.org/supports-color/-/supports-color-1.2.1.tgz",
          "integrity": "sha1-Eu4hUHCGzZjBBY2ewPSsR2t687I=",
          "dev": true
        }
      }
    },
    "node-uuid": {
      "version": "1.4.3",
      "resolved": "https://registry.npmjs.org/node-uuid/-/node-uuid-1.4.3.tgz",
      "integrity": "sha1-MZu3pW58tj8AtcDNeFHNS03fHfk="
    },
    "rimraf": {
      "version": "2.4.2",
      "resolved": "https://registry.npmjs.org/rimraf/-/rimraf-2.4.2.tgz",
      "integrity": "sha1-q085sIty6uB8PZ/p9IMa6/yfQx0=",
      "requires": {
        "glob": "5.0.15"
      },
      "dependencies": {
        "glob": {
          "version": "5.0.15",
          "resolved": "https://registry.npmjs.org/glob/-/glob-5.0.15.tgz",
          "integrity": "sha1-G8k2ueAvSmA/zCIuz3Yz0wuLk7E=",
          "requires": {
            "inflight": "1.0.6",
            "inherits": "2.0.3",
            "minimatch": "3.0.4",
            "once": "1.4.0",
            "path-is-absolute": "1.0.1"
          },
          "dependencies": {
            "inflight": {
              "version": "1.0.6",
              "resolved": "https://registry.npmjs.org/inflight/-/inflight-1.0.6.tgz",
              "integrity": "sha1-Sb1jMdfQLQwJvJEKEHW6gWW1bfk=",
              "requires": {
                "once": "1.4.0",
                "wrappy": "1.0.2"
              },
              "dependencies": {
                "wrappy": {
                  "version": "1.0.2",
                  "resolved": "https://registry.npmjs.org/wrappy/-/wrappy-1.0.2.tgz",
                  "integrity": "sha1-tSQ9jz7BqjXxNkYFvA0QNuMKtp8="
                }
              }
            },
            "inherits": {
              "version": "2.0.3",
              "resolved": "https://registry.npmjs.org/inherits/-/inherits-2.0.3.tgz",
              "integrity": "sha1-Yzwsg+PaQqUC9SRmAiSA9CCCYd4="
            },
            "minimatch": {
              "version": "3.0.4",
              "resolved": "https://registry.npmjs.org/minimatch/-/minimatch-3.0.4.tgz",
              "integrity": "sha1-UWbihkV/AzBgZL5Ul+jbsMPTIIM=",
              "requires": {
                "brace-expansion": "1.1.8"
              },
              "dependencies": {
                "brace-expansion": {
                  "version": "1.1.8",
                  "resolved": "https://registry.npmjs.org/brace-expansion/-/brace-expansion-1.1.8.tgz",
                  "integrity": "sha1-wHshHHyVLsH479Uad+8NHTmQopI=",
                  "requires": {
                    "balanced-match": "1.0.0",
                    "concat-map": "0.0.1"
                  },
                  "dependencies": {
                    "balanced-match": {
                      "version": "1.0.0",
                      "resolved": "https://registry.npmjs.org/balanced-match/-/balanced-match-1.0.0.tgz",
                      "integrity": "sha1-ibTRmasr7kneFk6gK4nORi1xt2c="
                    },
                    "concat-map": {
                      "version": "0.0.1",
                      "resolved": "https://registry.npmjs.org/concat-map/-/concat-map-0.0.1.tgz",
                      "integrity": "sha1-2Klr13/Wjfd5OnMDajug1UBdR3s="
                    }
                  }
                }
              }
            },
            "once": {
              "version": "1.4.0",
              "resolved": "https://registry.npmjs.org/once/-/once-1.4.0.tgz",
              "integrity": "sha1-WDsap3WWHUsROsF9nFC6753Xa9E=",
              "requires": {
                "wrappy": "1.0.2"
              },
              "dependencies": {
                "wrappy": {
                  "version": "1.0.2",
                  "resolved": "https://registry.npmjs.org/wrappy/-/wrappy-1.0.2.tgz",
                  "integrity": "sha1-tSQ9jz7BqjXxNkYFvA0QNuMKtp8="
                }
              }
            },
            "path-is-absolute": {
              "version": "1.0.1",
              "resolved": "https://registry.npmjs.org/path-is-absolute/-/path-is-absolute-1.0.1.tgz",
              "integrity": "sha1-F0uSaHNVNP+8es5r9TpanhtcX18="
            }
          }
        }
      }
    }
  }
}
